
Microsoft Visual Studio Solution File, Format Version 12.00
# Visual Studio Version 17
VisualStudioVersion = 17.7.34031.279
MinimumVisualStudioVersion = 10.0.40219.1
Project("{FAE04EC0-301F-11D3-BF4B-00C04F79EFBC}") = "DataLogic", "DataLogic\DataLogic.csproj", "{CE7310A6-868F-4059-8717-DA6D1350512F}"
EndProject
Project("{FAE04EC0-301F-11D3-BF4B-00C04F79EFBC}") = "UsersNotebook.Api", "UsersNotebook.Api\UsersNotebook.Api.csproj", "{DBA0C7AE-8234-4376-A6A6-5F4F722601ED}"
EndProject
Global
	GlobalSection(SolutionConfigurationPlatforms) = preSolution
		Debug|Any CPU = Debug|Any CPU
		Release|Any CPU = Release|Any CPU
	EndGlobalSection
	GlobalSection(ProjectConfigurationPlatforms) = postSolution
		{CE7310A6-868F-4059-8717-DA6D1350512F}.Debug|Any CPU.ActiveCfg = Debug|Any CPU
		{CE7310A6-868F-4059-8717-DA6D1350512F}.Debug|Any CPU.Build.0 = Debug|Any CPU
		{CE7310A6-868F-4059-8717-DA6D1350512F}.Release|Any CPU.ActiveCfg = Release|Any CPU
		{CE7310A6-868F-4059-8717-DA6D1350512F}.Release|Any CPU.Build.0 = Release|Any CPU
		{DBA0C7AE-8234-4376-A6A6-5F4F722601ED}.Debug|Any CPU.ActiveCfg = Debug|Any CPU
		{DBA0C7AE-8234-4376-A6A6-5F4F722601ED}.Debug|Any CPU.Build.0 = Debug|Any CPU
		{DBA0C7AE-8234-4376-A6A6-5F4F722601ED}.Release|Any CPU.ActiveCfg = Release|Any CPU
		{DBA0C7AE-8234-4376-A6A6-5F4F722601ED}.Release|Any CPU.Build.0 = Release|Any CPU
	EndGlobalSection
	GlobalSection(SolutionProperties) = preSolution
		HideSolutionNode = FALSE
	EndGlobalSection
	GlobalSection(ExtensibilityGlobals) = postSolution
		SolutionGuid = {5E54E342-C942-48CA-821F-AAB0B98D2FBF}
	EndGlobalSection
EndGlobal
